
Microsoft Visual Studio Solution File, Format Version 12.00
# Visual Studio 2013
VisualStudioVersion = 12.0.31101.0
MinimumVisualStudioVersion = 10.0.40219.1
Project("{FAE04EC0-301F-11D3-BF4B-00C04F79EFBC}") = "01. Task", "01. Task\01. Task.csproj", "{AE4836E8-5D0D-4945-B956-58189CD29CD3}"
EndProject
Project("{FAE04EC0-301F-11D3-BF4B-00C04F79EFBC}") = "02. Task", "02. Task\02. Task.csproj", "{06538B1F-4510-44A0-90CA-32792C035FF3}"
EndProject
Global
	GlobalSection(SolutionConfigurationPlatforms) = preSolution
		Debug|Any CPU = Debug|Any CPU
		Release|Any CPU = Release|Any CPU
	EndGlobalSection
	GlobalSection(ProjectConfigurationPlatforms) = postSolution
		{AE4836E8-5D0D-4945-B956-58189CD29CD3}.Debug|Any CPU.ActiveCfg = Debug|Any CPU
		{AE4836E8-5D0D-4945-B956-58189CD29CD3}.Debug|Any CPU.Build.0 = Debug|Any CPU
		{AE4836E8-5D0D-4945-B956-58189CD29CD3}.Release|Any CPU.ActiveCfg = Release|Any CPU
		{AE4836E8-5D0D-4945-B956-58189CD29CD3}.Release|Any CPU.Build.0 = Release|Any CPU
		{06538B1F-4510-44A0-90CA-32792C035FF3}.Debug|Any CPU.ActiveCfg = Debug|Any CPU
		{06538B1F-4510-44A0-90CA-32792C035FF3}.Debug|Any CPU.Build.0 = Debug|Any CPU
		{06538B1F-4510-44A0-90CA-32792C035FF3}.Release|Any CPU.ActiveCfg = Release|Any CPU
		{06538B1F-4510-44A0-90CA-32792C035FF3}.Release|Any CPU.Build.0 = Release|Any CPU
	EndGlobalSection
	GlobalSection(SolutionProperties) = preSolution
		HideSolutionNode = FALSE
	EndGlobalSection
EndGlobal
